// !$*UTF8*$!
{
	archiveVersion = 1;
	classes = {
	};
	objectVersion = 46;
	objects = {

/* Begin PBXBuildFile section */
		C07AD1E09837B86305516C11 /* MTransaction.h in Headers */ = {isa = PBXBuildFile; fileRef = C07AD830CA5099192F5F199B /* MTransaction.h */; settings = {ATTRIBUTES = (Public, ); }; };
		C07AD390CA27F1FB3BF7C675 /* MDatabase+AsyncAdditions.h in Headers */ = {isa = PBXBuildFile; fileRef = C07ADE8ABA30C0CC9A8B33D7 /* MDatabase+AsyncAdditions.h */; settings = {ATTRIBUTES = (Public, ); }; };
		C07AD8B09872AE8F4C10B0BD /* MTransaction.m in Sources */ = {isa = PBXBuildFile; fileRef = C07AD3E7B7015CA81DA77D30 /* MTransaction.m */; };
		C07ADA022259BBC98EBE16D5 /* MDatabase+AsyncAdditions.m in Sources */ = {isa = PBXBuildFile; fileRef = C07ADB33DDA93701C9CD6E57 /* MDatabase+AsyncAdditions.m */; };
		F898880A16DAF59400B5ED12 /* Foundation.framework in Frameworks */ = {isa = PBXBuildFile; fileRef = F898880916DAF59400B5ED12 /* Foundation.framework */; };
		F898880F16DAF59400B5ED12 /* Mars.h in Headers */ = {isa = PBXBuildFile; fileRef = F898880E16DAF59400B5ED12 /* Mars.h */; settings = {ATTRIBUTES = (Public, ); }; };
		F898881916DAF59500B5ED12 /* SenTestingKit.framework in Frameworks */ = {isa = PBXBuildFile; fileRef = F898881816DAF59500B5ED12 /* SenTestingKit.framework */; };
		F898881B16DAF59500B5ED12 /* UIKit.framework in Frameworks */ = {isa = PBXBuildFile; fileRef = F898881A16DAF59500B5ED12 /* UIKit.framework */; };
		F898881C16DAF59500B5ED12 /* Foundation.framework in Frameworks */ = {isa = PBXBuildFile; fileRef = F898880916DAF59400B5ED12 /* Foundation.framework */; };
		F898881F16DAF59500B5ED12 /* libMars.a in Frameworks */ = {isa = PBXBuildFile; fileRef = F898880616DAF59400B5ED12 /* libMars.a */; };
		F898882516DAF59500B5ED12 /* InfoPlist.strings in Resources */ = {isa = PBXBuildFile; fileRef = F898882316DAF59500B5ED12 /* InfoPlist.strings */; };
		F898882816DAF59500B5ED12 /* MarsTests.m in Sources */ = {isa = PBXBuildFile; fileRef = F898882716DAF59500B5ED12 /* MarsTests.m */; };
		F898883716DAF60200B5ED12 /* MDatabase.m in Sources */ = {isa = PBXBuildFile; fileRef = F898883216DAF60100B5ED12 /* MDatabase.m */; };
		F898883916DAF60200B5ED12 /* MConnection.m in Sources */ = {isa = PBXBuildFile; fileRef = F898883416DAF60200B5ED12 /* MConnection.m */; };
		F898883F16DAF67400B5ED12 /* CTLogger.m in Sources */ = {isa = PBXBuildFile; fileRef = F898883E16DAF67400B5ED12 /* CTLogger.m */; };
		F898884216DAF6E200B5ED12 /* MQuery.m in Sources */ = {isa = PBXBuildFile; fileRef = F898884116DAF6E200B5ED12 /* MQuery.m */; };
		F898884516DAFA5300B5ED12 /* MSelectQuery.m in Sources */ = {isa = PBXBuildFile; fileRef = F898884416DAFA5300B5ED12 /* MSelectQuery.m */; };
		F898884916DAFF7F00B5ED12 /* NSDictionary+Mars.m in Sources */ = {isa = PBXBuildFile; fileRef = F898884816DAFF7F00B5ED12 /* NSDictionary+Mars.m */; };
		F898884F16DB0F1200B5ED12 /* QueryTests.m in Sources */ = {isa = PBXBuildFile; fileRef = F898884E16DB0F1200B5ED12 /* QueryTests.m */; };
		F898885116DB11AB00B5ED12 /* libsqlite3.dylib in Frameworks */ = {isa = PBXBuildFile; fileRef = F898885016DB11AA00B5ED12 /* libsqlite3.dylib */; };
		F898885216DB11B900B5ED12 /* libsqlite3.dylib in Frameworks */ = {isa = PBXBuildFile; fileRef = F898885016DB11AA00B5ED12 /* libsqlite3.dylib */; };
		F898885516DB156500B5ED12 /* MInsertQuery.m in Sources */ = {isa = PBXBuildFile; fileRef = F898885416DB156400B5ED12 /* MInsertQuery.m */; };
		F8DE4AB416DB17AA00F5F426 /* MUpdateQuery.m in Sources */ = {isa = PBXBuildFile; fileRef = F8DE4AB316DB17AA00F5F426 /* MUpdateQuery.m */; };
		F8DE4AB716DB1AB700F5F426 /* MDeleteQuery.m in Sources */ = {isa = PBXBuildFile; fileRef = F8DE4AB616DB1AB700F5F426 /* MDeleteQuery.m */; };
		F8DE4ACC16DB2CA700F5F426 /* MDatabase.h in Headers */ = {isa = PBXBuildFile; fileRef = F898883116DAF60100B5ED12 /* MDatabase.h */; settings = {ATTRIBUTES = (Public, ); }; };
		F8DE4ACD16DB2CA900F5F426 /* MQuery.h in Headers */ = {isa = PBXBuildFile; fileRef = F898884016DAF6E200B5ED12 /* MQuery.h */; settings = {ATTRIBUTES = (Public, ); }; };
		F8DE4ACE16DB2CE500F5F426 /* MConnection.h in Headers */ = {isa = PBXBuildFile; fileRef = F898883316DAF60200B5ED12 /* MConnection.h */; settings = {ATTRIBUTES = (Public, ); }; };
		F8DE4ACF16DB2DEA00F5F426 /* CTLogger.h in Headers */ = {isa = PBXBuildFile; fileRef = F898883D16DAF67400B5ED12 /* CTLogger.h */; settings = {ATTRIBUTES = (Public, ); }; };
		F8E2532E173835A3003FD8FF /* MSelectQuery.h in Headers */ = {isa = PBXBuildFile; fileRef = F898884316DAFA5300B5ED12 /* MSelectQuery.h */; settings = {ATTRIBUTES = (Public, ); }; };
		F8E2532F173835A5003FD8FF /* MInsertQuery.h in Headers */ = {isa = PBXBuildFile; fileRef = F898885316DB156400B5ED12 /* MInsertQuery.h */; settings = {ATTRIBUTES = (Public, ); }; };
		F8E25330173835A6003FD8FF /* MUpdateQuery.h in Headers */ = {isa = PBXBuildFile; fileRef = F8DE4AB216DB17AA00F5F426 /* MUpdateQuery.h */; settings = {ATTRIBUTES = (Public, ); }; };
		F8E25331173835A8003FD8FF /* MDeleteQuery.h in Headers */ = {isa = PBXBuildFile; fileRef = F8DE4AB516DB1AB700F5F426 /* MDeleteQuery.h */; settings = {ATTRIBUTES = (Public, ); }; };
/* End PBXBuildFile section */

/* Begin PBXContainerItemProxy section */
		F898881D16DAF59500B5ED12 /* PBXContainerItemProxy */ = {
			isa = PBXContainerItemProxy;
			containerPortal = F89887FE16DAF59400B5ED12 /* Project object */;
			proxyType = 1;
			remoteGlobalIDString = F898880516DAF59400B5ED12;
			remoteInfo = Mars;
		};
/* End PBXContainerItemProxy section */

/* Begin PBXFileReference section */
		C07AD3E7B7015CA81DA77D30 /* MTransaction.m */ = {isa = PBXFileReference; fileEncoding = 4; lastKnownFileType = sourcecode.c.objc; path = MTransaction.m; sourceTree = "<group>"; };
		C07AD593551F1642EF5C5DED /* MTransaction+Private.h */ = {isa = PBXFileReference; fileEncoding = 4; lastKnownFileType = sourcecode.c.h; path = "MTransaction+Private.h"; sourceTree = "<group>"; };
		C07AD830CA5099192F5F199B /* MTransaction.h */ = {isa = PBXFileReference; fileEncoding = 4; lastKnownFileType = sourcecode.c.h; path = MTransaction.h; sourceTree = "<group>"; };
		C07ADB33DDA93701C9CD6E57 /* MDatabase+AsyncAdditions.m */ = {isa = PBXFileReference; fileEncoding = 4; lastKnownFileType = sourcecode.c.objc; path = "MDatabase+AsyncAdditions.m"; sourceTree = "<group>"; };
		C07ADDE8399B0B50FAE585D1 /* MDatabase+Private.h */ = {isa = PBXFileReference; fileEncoding = 4; lastKnownFileType = sourcecode.c.h; path = "MDatabase+Private.h"; sourceTree = "<group>"; };
		C07ADE8ABA30C0CC9A8B33D7 /* MDatabase+AsyncAdditions.h */ = {isa = PBXFileReference; fileEncoding = 4; lastKnownFileType = sourcecode.c.h; path = "MDatabase+AsyncAdditions.h"; sourceTree = "<group>"; };
		F898880616DAF59400B5ED12 /* libMars.a */ = {isa = PBXFileReference; explicitFileType = archive.ar; includeInIndex = 0; path = libMars.a; sourceTree = BUILT_PRODUCTS_DIR; };
		F898880916DAF59400B5ED12 /* Foundation.framework */ = {isa = PBXFileReference; lastKnownFileType = wrapper.framework; name = Foundation.framework; path = System/Library/Frameworks/Foundation.framework; sourceTree = SDKROOT; };
		F898880D16DAF59400B5ED12 /* Mars-Prefix.pch */ = {isa = PBXFileReference; lastKnownFileType = sourcecode.c.h; path = "Mars-Prefix.pch"; sourceTree = "<group>"; };
		F898880E16DAF59400B5ED12 /* Mars.h */ = {isa = PBXFileReference; lastKnownFileType = sourcecode.c.h; path = Mars.h; sourceTree = "<group>"; };
		F898881716DAF59500B5ED12 /* MarsTests.octest */ = {isa = PBXFileReference; explicitFileType = wrapper.cfbundle; includeInIndex = 0; path = MarsTests.octest; sourceTree = BUILT_PRODUCTS_DIR; };
		F898881816DAF59500B5ED12 /* SenTestingKit.framework */ = {isa = PBXFileReference; lastKnownFileType = wrapper.framework; name = SenTestingKit.framework; path = Library/Frameworks/SenTestingKit.framework; sourceTree = DEVELOPER_DIR; };
		F898881A16DAF59500B5ED12 /* UIKit.framework */ = {isa = PBXFileReference; lastKnownFileType = wrapper.framework; name = UIKit.framework; path = Library/Frameworks/UIKit.framework; sourceTree = DEVELOPER_DIR; };
		F898882216DAF59500B5ED12 /* MarsTests-Info.plist */ = {isa = PBXFileReference; lastKnownFileType = text.plist.xml; path = "MarsTests-Info.plist"; sourceTree = "<group>"; };
		F898882416DAF59500B5ED12 /* en */ = {isa = PBXFileReference; lastKnownFileType = text.plist.strings; name = en; path = en.lproj/InfoPlist.strings; sourceTree = "<group>"; };
		F898882616DAF59500B5ED12 /* MarsTests.h */ = {isa = PBXFileReference; lastKnownFileType = sourcecode.c.h; path = MarsTests.h; sourceTree = "<group>"; };
		F898882716DAF59500B5ED12 /* MarsTests.m */ = {isa = PBXFileReference; lastKnownFileType = sourcecode.c.objc; path = MarsTests.m; sourceTree = "<group>"; };
		F898883116DAF60100B5ED12 /* MDatabase.h */ = {isa = PBXFileReference; fileEncoding = 4; lastKnownFileType = sourcecode.c.h; path = MDatabase.h; sourceTree = "<group>"; };
		F898883216DAF60100B5ED12 /* MDatabase.m */ = {isa = PBXFileReference; fileEncoding = 4; lastKnownFileType = sourcecode.c.objc; path = MDatabase.m; sourceTree = "<group>"; };
		F898883316DAF60200B5ED12 /* MConnection.h */ = {isa = PBXFileReference; fileEncoding = 4; lastKnownFileType = sourcecode.c.h; path = MConnection.h; sourceTree = "<group>"; };
		F898883416DAF60200B5ED12 /* MConnection.m */ = {isa = PBXFileReference; fileEncoding = 4; lastKnownFileType = sourcecode.c.objc; path = MConnection.m; sourceTree = "<group>"; };
		F898883D16DAF67400B5ED12 /* CTLogger.h */ = {isa = PBXFileReference; fileEncoding = 4; lastKnownFileType = sourcecode.c.h; name = CTLogger.h; path = Supporting/CTLogger.h; sourceTree = SOURCE_ROOT; };
		F898883E16DAF67400B5ED12 /* CTLogger.m */ = {isa = PBXFileReference; fileEncoding = 4; lastKnownFileType = sourcecode.c.objc; name = CTLogger.m; path = Supporting/CTLogger.m; sourceTree = SOURCE_ROOT; };
		F898884016DAF6E200B5ED12 /* MQuery.h */ = {isa = PBXFileReference; fileEncoding = 4; lastKnownFileType = sourcecode.c.h; path = MQuery.h; sourceTree = "<group>"; };
		F898884116DAF6E200B5ED12 /* MQuery.m */ = {isa = PBXFileReference; fileEncoding = 4; lastKnownFileType = sourcecode.c.objc; path = MQuery.m; sourceTree = "<group>"; };
		F898884316DAFA5300B5ED12 /* MSelectQuery.h */ = {isa = PBXFileReference; fileEncoding = 4; lastKnownFileType = sourcecode.c.h; path = MSelectQuery.h; sourceTree = "<group>"; };
		F898884416DAFA5300B5ED12 /* MSelectQuery.m */ = {isa = PBXFileReference; fileEncoding = 4; lastKnownFileType = sourcecode.c.objc; path = MSelectQuery.m; sourceTree = "<group>"; };
		F898884716DAFF7F00B5ED12 /* NSDictionary+Mars.h */ = {isa = PBXFileReference; fileEncoding = 4; lastKnownFileType = sourcecode.c.h; path = "NSDictionary+Mars.h"; sourceTree = "<group>"; };
		F898884816DAFF7F00B5ED12 /* NSDictionary+Mars.m */ = {isa = PBXFileReference; fileEncoding = 4; lastKnownFileType = sourcecode.c.objc; path = "NSDictionary+Mars.m"; sourceTree = "<group>"; };
		F898884C16DB045000B5ED12 /* MQuery+Private.h */ = {isa = PBXFileReference; fileEncoding = 4; lastKnownFileType = sourcecode.c.h; path = "MQuery+Private.h"; sourceTree = "<group>"; };
		F898884D16DB0F1200B5ED12 /* QueryTests.h */ = {isa = PBXFileReference; fileEncoding = 4; lastKnownFileType = sourcecode.c.h; path = QueryTests.h; sourceTree = "<group>"; };
		F898884E16DB0F1200B5ED12 /* QueryTests.m */ = {isa = PBXFileReference; fileEncoding = 4; lastKnownFileType = sourcecode.c.objc; path = QueryTests.m; sourceTree = "<group>"; };
		F898885016DB11AA00B5ED12 /* libsqlite3.dylib */ = {isa = PBXFileReference; lastKnownFileType = "compiled.mach-o.dylib"; name = libsqlite3.dylib; path = usr/lib/libsqlite3.dylib; sourceTree = SDKROOT; };
		F898885316DB156400B5ED12 /* MInsertQuery.h */ = {isa = PBXFileReference; fileEncoding = 4; lastKnownFileType = sourcecode.c.h; path = MInsertQuery.h; sourceTree = "<group>"; };
		F898885416DB156400B5ED12 /* MInsertQuery.m */ = {isa = PBXFileReference; fileEncoding = 4; lastKnownFileType = sourcecode.c.objc; path = MInsertQuery.m; sourceTree = "<group>"; };
		F8DE4AB216DB17AA00F5F426 /* MUpdateQuery.h */ = {isa = PBXFileReference; fileEncoding = 4; lastKnownFileType = sourcecode.c.h; path = MUpdateQuery.h; sourceTree = "<group>"; };
		F8DE4AB316DB17AA00F5F426 /* MUpdateQuery.m */ = {isa = PBXFileReference; fileEncoding = 4; lastKnownFileType = sourcecode.c.objc; path = MUpdateQuery.m; sourceTree = "<group>"; };
		F8DE4AB516DB1AB700F5F426 /* MDeleteQuery.h */ = {isa = PBXFileReference; fileEncoding = 4; lastKnownFileType = sourcecode.c.h; path = MDeleteQuery.h; sourceTree = "<group>"; };
		F8DE4AB616DB1AB700F5F426 /* MDeleteQuery.m */ = {isa = PBXFileReference; fileEncoding = 4; lastKnownFileType = sourcecode.c.objc; path = MDeleteQuery.m; sourceTree = "<group>"; };
/* End PBXFileReference section */

/* Begin PBXFrameworksBuildPhase section */
		F898880316DAF59400B5ED12 /* Frameworks */ = {
			isa = PBXFrameworksBuildPhase;
			buildActionMask = 2147483647;
			files = (
				F898885116DB11AB00B5ED12 /* libsqlite3.dylib in Frameworks */,
				F898880A16DAF59400B5ED12 /* Foundation.framework in Frameworks */,
			);
			runOnlyForDeploymentPostprocessing = 0;
		};
		F898881316DAF59500B5ED12 /* Frameworks */ = {
			isa = PBXFrameworksBuildPhase;
			buildActionMask = 2147483647;
			files = (
				F898885216DB11B900B5ED12 /* libsqlite3.dylib in Frameworks */,
				F898881916DAF59500B5ED12 /* SenTestingKit.framework in Frameworks */,
				F898881B16DAF59500B5ED12 /* UIKit.framework in Frameworks */,
				F898881C16DAF59500B5ED12 /* Foundation.framework in Frameworks */,
				F898881F16DAF59500B5ED12 /* libMars.a in Frameworks */,
			);
			runOnlyForDeploymentPostprocessing = 0;
		};
/* End PBXFrameworksBuildPhase section */

/* Begin PBXGroup section */
		F89887FD16DAF59400B5ED12 = {
			isa = PBXGroup;
			children = (
				F898885016DB11AA00B5ED12 /* libsqlite3.dylib */,
				F898880B16DAF59400B5ED12 /* Mars */,
				F898882016DAF59500B5ED12 /* MarsTests */,
				F898880816DAF59400B5ED12 /* Frameworks */,
				F898880716DAF59400B5ED12 /* Products */,
			);
			sourceTree = "<group>";
		};
		F898880716DAF59400B5ED12 /* Products */ = {
			isa = PBXGroup;
			children = (
				F898880616DAF59400B5ED12 /* libMars.a */,
				F898881716DAF59500B5ED12 /* MarsTests.octest */,
			);
			name = Products;
			sourceTree = "<group>";
		};
		F898880816DAF59400B5ED12 /* Frameworks */ = {
			isa = PBXGroup;
			children = (
				F898880916DAF59400B5ED12 /* Foundation.framework */,
				F898881816DAF59500B5ED12 /* SenTestingKit.framework */,
				F898881A16DAF59500B5ED12 /* UIKit.framework */,
			);
			name = Frameworks;
			sourceTree = "<group>";
		};
		F898880B16DAF59400B5ED12 /* Mars */ = {
			isa = PBXGroup;
			children = (
				F898883116DAF60100B5ED12 /* MDatabase.h */,
				F898883216DAF60100B5ED12 /* MDatabase.m */,
				C07ADDE8399B0B50FAE585D1 /* MDatabase+Private.h */,
				F898884016DAF6E200B5ED12 /* MQuery.h */,
				F898884116DAF6E200B5ED12 /* MQuery.m */,
				F898883316DAF60200B5ED12 /* MConnection.h */,
				F898883416DAF60200B5ED12 /* MConnection.m */,
				F898880E16DAF59400B5ED12 /* Mars.h */,
				F898884616DAFA5E00B5ED12 /* Queries */,
				F898880C16DAF59400B5ED12 /* Supporting Files */,
				F898884716DAFF7F00B5ED12 /* NSDictionary+Mars.h */,
				F898884816DAFF7F00B5ED12 /* NSDictionary+Mars.m */,
				C07AD830CA5099192F5F199B /* MTransaction.h */,
				C07AD3E7B7015CA81DA77D30 /* MTransaction.m */,
				C07AD593551F1642EF5C5DED /* MTransaction+Private.h */,
				C07ADE8ABA30C0CC9A8B33D7 /* MDatabase+AsyncAdditions.h */,
				C07ADB33DDA93701C9CD6E57 /* MDatabase+AsyncAdditions.m */,
			);
			path = Mars;
			sourceTree = "<group>";
		};
		F898880C16DAF59400B5ED12 /* Supporting Files */ = {
			isa = PBXGroup;
			children = (
				F898883D16DAF67400B5ED12 /* CTLogger.h */,
				F898883E16DAF67400B5ED12 /* CTLogger.m */,
				F898880D16DAF59400B5ED12 /* Mars-Prefix.pch */,
			);
			name = "Supporting Files";
			sourceTree = "<group>";
		};
		F898882016DAF59500B5ED12 /* MarsTests */ = {
			isa = PBXGroup;
			children = (
				F898882616DAF59500B5ED12 /* MarsTests.h */,
				F898882716DAF59500B5ED12 /* MarsTests.m */,
				F898882116DAF59500B5ED12 /* Supporting Files */,
				F898884D16DB0F1200B5ED12 /* QueryTests.h */,
				F898884E16DB0F1200B5ED12 /* QueryTests.m */,
			);
			path = MarsTests;
			sourceTree = "<group>";
		};
		F898882116DAF59500B5ED12 /* Supporting Files */ = {
			isa = PBXGroup;
			children = (
				F898882216DAF59500B5ED12 /* MarsTests-Info.plist */,
				F898882316DAF59500B5ED12 /* InfoPlist.strings */,
			);
			name = "Supporting Files";
			sourceTree = "<group>";
		};
		F898884616DAFA5E00B5ED12 /* Queries */ = {
			isa = PBXGroup;
			children = (
				F898884C16DB045000B5ED12 /* MQuery+Private.h */,
				F898884316DAFA5300B5ED12 /* MSelectQuery.h */,
				F898884416DAFA5300B5ED12 /* MSelectQuery.m */,
				F898885316DB156400B5ED12 /* MInsertQuery.h */,
				F898885416DB156400B5ED12 /* MInsertQuery.m */,
				F8DE4AB216DB17AA00F5F426 /* MUpdateQuery.h */,
				F8DE4AB316DB17AA00F5F426 /* MUpdateQuery.m */,
				F8DE4AB516DB1AB700F5F426 /* MDeleteQuery.h */,
				F8DE4AB616DB1AB700F5F426 /* MDeleteQuery.m */,
			);
			name = Queries;
			sourceTree = "<group>";
		};
/* End PBXGroup section */

/* Begin PBXHeadersBuildPhase section */
		F836F9CB16F01B55007DE438 /* Headers */ = {
			isa = PBXHeadersBuildPhase;
			buildActionMask = 2147483647;
			files = (
				F898880F16DAF59400B5ED12 /* Mars.h in Headers */,
				F8DE4ACF16DB2DEA00F5F426 /* CTLogger.h in Headers */,
				F8DE4ACE16DB2CE500F5F426 /* MConnection.h in Headers */,
				F8DE4ACC16DB2CA700F5F426 /* MDatabase.h in Headers */,
				F8DE4ACD16DB2CA900F5F426 /* MQuery.h in Headers */,
				F8E2532E173835A3003FD8FF /* MSelectQuery.h in Headers */,
				F8E2532F173835A5003FD8FF /* MInsertQuery.h in Headers */,
				F8E25330173835A6003FD8FF /* MUpdateQuery.h in Headers */,
				F8E25331173835A8003FD8FF /* MDeleteQuery.h in Headers */,
				C07AD390CA27F1FB3BF7C675 /* MDatabase+AsyncAdditions.h in Headers */,
				C07AD1E09837B86305516C11 /* MTransaction.h in Headers */,
			);
			runOnlyForDeploymentPostprocessing = 0;
		};
/* End PBXHeadersBuildPhase section */

/* Begin PBXNativeTarget section */
		F898880516DAF59400B5ED12 /* Mars */ = {
			isa = PBXNativeTarget;
			buildConfigurationList = F898882B16DAF59500B5ED12 /* Build configuration list for PBXNativeTarget "Mars" */;
			buildPhases = (
				F898880216DAF59400B5ED12 /* Sources */,
				F898880316DAF59400B5ED12 /* Frameworks */,
				F836F9CB16F01B55007DE438 /* Headers */,
			);
			buildRules = (
			);
			dependencies = (
			);
			name = Mars;
			productName = Mars;
			productReference = F898880616DAF59400B5ED12 /* libMars.a */;
			productType = "com.apple.product-type.library.static";
		};
		F898881616DAF59500B5ED12 /* MarsTests */ = {
			isa = PBXNativeTarget;
			buildConfigurationList = F898882E16DAF59500B5ED12 /* Build configuration list for PBXNativeTarget "MarsTests" */;
			buildPhases = (
				F898881216DAF59500B5ED12 /* Sources */,
				F898881316DAF59500B5ED12 /* Frameworks */,
				F898881416DAF59500B5ED12 /* Resources */,
				F898881516DAF59500B5ED12 /* ShellScript */,
			);
			buildRules = (
			);
			dependencies = (
				F898881E16DAF59500B5ED12 /* PBXTargetDependency */,
			);
			name = MarsTests;
			productName = MarsTests;
			productReference = F898881716DAF59500B5ED12 /* MarsTests.octest */;
			productType = "com.apple.product-type.bundle";
		};
/* End PBXNativeTarget section */

/* Begin PBXProject section */
		F89887FE16DAF59400B5ED12 /* Project object */ = {
			isa = PBXProject;
			attributes = {
				LastUpgradeCheck = 0460;
				ORGANIZATIONNAME = "Central Atomics";
			};
			buildConfigurationList = F898880116DAF59400B5ED12 /* Build configuration list for PBXProject "Mars" */;
			compatibilityVersion = "Xcode 3.2";
			developmentRegion = English;
			hasScannedForEncodings = 0;
			knownRegions = (
				en,
			);
			mainGroup = F89887FD16DAF59400B5ED12;
			productRefGroup = F898880716DAF59400B5ED12 /* Products */;
			projectDirPath = "";
			projectRoot = "";
			targets = (
				F898880516DAF59400B5ED12 /* Mars */,
				F898881616DAF59500B5ED12 /* MarsTests */,
			);
		};
/* End PBXProject section */

/* Begin PBXResourcesBuildPhase section */
		F898881416DAF59500B5ED12 /* Resources */ = {
			isa = PBXResourcesBuildPhase;
			buildActionMask = 2147483647;
			files = (
				F898882516DAF59500B5ED12 /* InfoPlist.strings in Resources */,
			);
			runOnlyForDeploymentPostprocessing = 0;
		};
/* End PBXResourcesBuildPhase section */

/* Begin PBXShellScriptBuildPhase section */
		F898881516DAF59500B5ED12 /* ShellScript */ = {
			isa = PBXShellScriptBuildPhase;
			buildActionMask = 2147483647;
			files = (
			);
			inputPaths = (
			);
			outputPaths = (
			);
			runOnlyForDeploymentPostprocessing = 0;
			shellPath = /bin/sh;
			shellScript = "# Run the unit tests in this test bundle.\n\"${SYSTEM_DEVELOPER_DIR}/Tools/RunUnitTests\"\n";
		};
/* End PBXShellScriptBuildPhase section */

/* Begin PBXSourcesBuildPhase section */
		F898880216DAF59400B5ED12 /* Sources */ = {
			isa = PBXSourcesBuildPhase;
			buildActionMask = 2147483647;
			files = (
				F898883716DAF60200B5ED12 /* MDatabase.m in Sources */,
				F898883916DAF60200B5ED12 /* MConnection.m in Sources */,
				F898883F16DAF67400B5ED12 /* CTLogger.m in Sources */,
				F898884216DAF6E200B5ED12 /* MQuery.m in Sources */,
				F898884516DAFA5300B5ED12 /* MSelectQuery.m in Sources */,
				F898884916DAFF7F00B5ED12 /* NSDictionary+Mars.m in Sources */,
				F898885516DB156500B5ED12 /* MInsertQuery.m in Sources */,
				F8DE4AB416DB17AA00F5F426 /* MUpdateQuery.m in Sources */,
				F8DE4AB716DB1AB700F5F426 /* MDeleteQuery.m in Sources */,
				C07AD8B09872AE8F4C10B0BD /* MTransaction.m in Sources */,
				C07ADA022259BBC98EBE16D5 /* MDatabase+AsyncAdditions.m in Sources */,
			);
			runOnlyForDeploymentPostprocessing = 0;
		};
		F898881216DAF59500B5ED12 /* Sources */ = {
			isa = PBXSourcesBuildPhase;
			buildActionMask = 2147483647;
			files = (
				F898882816DAF59500B5ED12 /* MarsTests.m in Sources */,
				F898884F16DB0F1200B5ED12 /* QueryTests.m in Sources */,
			);
			runOnlyForDeploymentPostprocessing = 0;
		};
/* End PBXSourcesBuildPhase section */

/* Begin PBXTargetDependency section */
		F898881E16DAF59500B5ED12 /* PBXTargetDependency */ = {
			isa = PBXTargetDependency;
			target = F898880516DAF59400B5ED12 /* Mars */;
			targetProxy = F898881D16DAF59500B5ED12 /* PBXContainerItemProxy */;
		};
/* End PBXTargetDependency section */

/* Begin PBXVariantGroup section */
		F898882316DAF59500B5ED12 /* InfoPlist.strings */ = {
			isa = PBXVariantGroup;
			children = (
				F898882416DAF59500B5ED12 /* en */,
			);
			name = InfoPlist.strings;
			sourceTree = "<group>";
		};
/* End PBXVariantGroup section */

/* Begin XCBuildConfiguration section */
		F898882916DAF59500B5ED12 /* Debug */ = {
			isa = XCBuildConfiguration;
			buildSettings = {
				ALWAYS_SEARCH_USER_PATHS = NO;
				CLANG_CXX_LANGUAGE_STANDARD = "gnu++0x";
				CLANG_CXX_LIBRARY = "libc++";
				CLANG_ENABLE_OBJC_ARC = YES;
				CLANG_WARN_CONSTANT_CONVERSION = YES;
				CLANG_WARN_EMPTY_BODY = YES;
				CLANG_WARN_ENUM_CONVERSION = YES;
				CLANG_WARN_INT_CONVERSION = YES;
				CLANG_WARN__DUPLICATE_METHOD_MATCH = YES;
				COPY_PHASE_STRIP = NO;
				GCC_C_LANGUAGE_STANDARD = gnu99;
				GCC_DYNAMIC_NO_PIC = NO;
				GCC_OPTIMIZATION_LEVEL = 0;
				GCC_PREPROCESSOR_DEFINITIONS = (
					"DEBUG=1",
					"$(inherited)",
				);
				GCC_SYMBOLS_PRIVATE_EXTERN = NO;
				GCC_WARN_ABOUT_RETURN_TYPE = YES;
				GCC_WARN_PEDANTIC = NO;
				GCC_WARN_UNINITIALIZED_AUTOS = YES;
				GCC_WARN_UNUSED_VARIABLE = YES;
				IPHONEOS_DEPLOYMENT_TARGET = 6.1;
				ONLY_ACTIVE_ARCH = YES;
				SDKROOT = iphoneos;
				WARNING_CFLAGS = "";
			};
			name = Debug;
		};
		F898882A16DAF59500B5ED12 /* Release */ = {
			isa = XCBuildConfiguration;
			buildSettings = {
				ALWAYS_SEARCH_USER_PATHS = NO;
				CLANG_CXX_LANGUAGE_STANDARD = "gnu++0x";
				CLANG_CXX_LIBRARY = "libc++";
				CLANG_ENABLE_OBJC_ARC = YES;
				CLANG_WARN_CONSTANT_CONVERSION = YES;
				CLANG_WARN_EMPTY_BODY = YES;
				CLANG_WARN_ENUM_CONVERSION = YES;
				CLANG_WARN_INT_CONVERSION = YES;
				CLANG_WARN__DUPLICATE_METHOD_MATCH = YES;
				COPY_PHASE_STRIP = YES;
				GCC_C_LANGUAGE_STANDARD = gnu99;
				GCC_WARN_ABOUT_RETURN_TYPE = YES;
				GCC_WARN_PEDANTIC = NO;
				GCC_WARN_UNINITIALIZED_AUTOS = YES;
				GCC_WARN_UNUSED_VARIABLE = YES;
				IPHONEOS_DEPLOYMENT_TARGET = 6.1;
				SDKROOT = iphoneos;
				VALIDATE_PRODUCT = YES;
				WARNING_CFLAGS = "";
			};
			name = Release;
		};
		F898882C16DAF59500B5ED12 /* Debug */ = {
			isa = XCBuildConfiguration;
			buildSettings = {
				ARCHS = "$(ARCHS_STANDARD_INCLUDING_64_BIT)";
				DSTROOT = /tmp/Mars.dst;
				GCC_PRECOMPILE_PREFIX_HEADER = YES;
				GCC_PREFIX_HEADER = "Mars/Mars-Prefix.pch";
				OTHER_LDFLAGS = "-ObjC";
				PRIVATE_HEADERS_FOLDER_PATH = ../../include/Mars/Private;
				PRODUCT_NAME = "$(TARGET_NAME)";
				PUBLIC_HEADERS_FOLDER_PATH = ../../include/Mars;
				SKIP_INSTALL = YES;
			};
			name = Debug;
		};
		F898882D16DAF59500B5ED12 /* Release */ = {
			isa = XCBuildConfiguration;
			buildSettings = {
				ARCHS = "$(ARCHS_STANDARD_INCLUDING_64_BIT)";
				DSTROOT = /tmp/Mars.dst;
				GCC_PRECOMPILE_PREFIX_HEADER = YES;
				GCC_PREFIX_HEADER = "Mars/Mars-Prefix.pch";
				OTHER_LDFLAGS = "-ObjC";
				PRIVATE_HEADERS_FOLDER_PATH = ../../include/Mars/Private;
				PRODUCT_NAME = "$(TARGET_NAME)";
				PUBLIC_HEADERS_FOLDER_PATH = ../../include/Mars;
				SKIP_INSTALL = YES;
			};
			name = Release;
		};
		F898882F16DAF59500B5ED12 /* Debug */ = {
			isa = XCBuildConfiguration;
			buildSettings = {
				FRAMEWORK_SEARCH_PATHS = (
					"\"$(SDKROOT)/Developer/Library/Frameworks\"",
					"\"$(DEVELOPER_LIBRARY_DIR)/Frameworks\"",
				);
				GCC_PRECOMPILE_PREFIX_HEADER = YES;
				GCC_PREFIX_HEADER = "Mars/Mars-Prefix.pch";
				INFOPLIST_FILE = "MarsTests/MarsTests-Info.plist";
				OTHER_LDFLAGS = "-all_load";
				PRODUCT_NAME = "$(TARGET_NAME)";
				WRAPPER_EXTENSION = octest;
			};
			name = Debug;
		};
		F898883016DAF59500B5ED12 /* Release */ = {
			isa = XCBuildConfiguration;
			buildSettings = {
				FRAMEWORK_SEARCH_PATHS = (
					"\"$(SDKROOT)/Developer/Library/Frameworks\"",
					"\"$(DEVELOPER_LIBRARY_DIR)/Frameworks\"",
				);
				GCC_PRECOMPILE_PREFIX_HEADER = YES;
				GCC_PREFIX_HEADER = "Mars/Mars-Prefix.pch";
				INFOPLIST_FILE = "MarsTests/MarsTests-Info.plist";
				OTHER_LDFLAGS = "-all_load";
				PRODUCT_NAME = "$(TARGET_NAME)";
				WRAPPER_EXTENSION = octest;
			};
			name = Release;
		};
/* End XCBuildConfiguration section */

/* Begin XCConfigurationList section */
		F898880116DAF59400B5ED12 /* Build configuration list for PBXProject "Mars" */ = {
			isa = XCConfigurationList;
			buildConfigurations = (
				F898882916DAF59500B5ED12 /* Debug */,
				F898882A16DAF59500B5ED12 /* Release */,
			);
			defaultConfigurationIsVisible = 0;
			defaultConfigurationName = Release;
		};
		F898882B16DAF59500B5ED12 /* Build configuration list for PBXNativeTarget "Mars" */ = {
			isa = XCConfigurationList;
			buildConfigurations = (
				F898882C16DAF59500B5ED12 /* Debug */,
				F898882D16DAF59500B5ED12 /* Release */,
			);
			defaultConfigurationIsVisible = 0;
			defaultConfigurationName = Release;
		};
		F898882E16DAF59500B5ED12 /* Build configuration list for PBXNativeTarget "MarsTests" */ = {
			isa = XCConfigurationList;
			buildConfigurations = (
				F898882F16DAF59500B5ED12 /* Debug */,
				F898883016DAF59500B5ED12 /* Release */,
			);
			defaultConfigurationIsVisible = 0;
			defaultConfigurationName = Release;
		};
/* End XCConfigurationList section */
	};
	rootObject = F89887FE16DAF59400B5ED12 /* Project object */;
}
